Microsoft Visual Studio Solution File, Format Version 12.00
# Visual Studio Version 17
VisualStudioVersion = 17.5.2.0
MinimumVisualStudioVersion = 10.0.40219.1
Project("{FAE04EC0-301F-11D3-BF4B-00C04F79EFBC}") = "HolaMundoWeb", "HolaMundoWeb.csproj", "{B6B2BD17-E78C-AEA3-E325-DA7284402950}"
EndProject
Global
	GlobalSection(SolutionConfigurationPlatforms) = preSolution
		Debug|Any CPU = Debug|Any CPU
		Release|Any CPU = Release|Any CPU
	EndGlobalSection
	GlobalSection(ProjectConfigurationPlatforms) = postSolution
		{B6B2BD17-E78C-AEA3-E325-DA7284402950}.Debug|Any CPU.ActiveCfg = Debug|Any CPU
		{B6B2BD17-E78C-AEA3-E325-DA7284402950}.Debug|Any CPU.Build.0 = Debug|Any CPU
		{B6B2BD17-E78C-AEA3-E325-DA7284402950}.Release|Any CPU.ActiveCfg = Release|Any CPU
		{B6B2BD17-E78C-AEA3-E325-DA7284402950}.Release|Any CPU.Build.0 = Release|Any CPU
	EndGlobalSection
	GlobalSection(SolutionProperties) = preSolution
		HideSolutionNode = FALSE
	EndGlobalSection
	GlobalSection(ExtensibilityGlobals) = postSolution
		SolutionGuid = {47D219F4-0680-4353-A277-F769428A3F3D}
	EndGlobalSection
EndGlobal
